
Microsoft Visual Studio Solution File, Format Version 12.00
# Visual Studio Version 17
VisualStudioVersion = 17.6.33801.468
MinimumVisualStudioVersion = 10.0.40219.1
Project("{9A19103F-16F7-4668-BE54-9A1E7A4F7556}") = "ControleDeVistoria.Web", "ControleDeVistoria.Web\ControleDeVistoria.Web.csproj", "{D6158B70-2CAD-475F-ADBB-A589C18689BE}"
EndProject
Project("{9A19103F-16F7-4668-BE54-9A1E7A4F7556}") = "ControleDeVistoria.Domain", "ControleDeVistoria.Domain\ControleDeVistoria.Domain.csproj", "{3EBD3BFC-D721-4897-BCFB-7EA0BB5AABBA}"
EndProject
Project("{9A19103F-16F7-4668-BE54-9A1E7A4F7556}") = "ControleDeVistoria.Infra.IoC", "ControleDeVistoria.Infrastructure\ControleDeVistoria.Infra.IoC.csproj", "{057BC6AF-834C-4C26-A780-F312093CA1A9}"
EndProject
Project("{9A19103F-16F7-4668-BE54-9A1E7A4F7556}") = "ControleDeVistoria.Infra.Data", "ControleDeVistoria.Infra.Data\ControleDeVistoria.Infra.Data.csproj", "{ED75FE7B-E6F6-4D68-926D-4FA105E386C9}"
EndProject
Project("{9A19103F-16F7-4668-BE54-9A1E7A4F7556}") = "ControleDeVistoria.Application", "ControleDeVistoria.Application\ControleDeVistoria.Application.csproj", "{3261E012-CB62-4B74-9AC4-B43EE76E3777}"
EndProject
Global
	GlobalSection(SolutionConfigurationPlatforms) = preSolution
		Debug|Any CPU = Debug|Any CPU
		Release|Any CPU = Release|Any CPU
	EndGlobalSection
	GlobalSection(ProjectConfigurationPlatforms) = postSolution
		{D6158B70-2CAD-475F-ADBB-A589C18689BE}.Debug|Any CPU.ActiveCfg = Debug|Any CPU
		{D6158B70-2CAD-475F-ADBB-A589C18689BE}.Debug|Any CPU.Build.0 = Debug|Any CPU
		{D6158B70-2CAD-475F-ADBB-A589C18689BE}.Release|Any CPU.ActiveCfg = Release|Any CPU
		{D6158B70-2CAD-475F-ADBB-A589C18689BE}.Release|Any CPU.Build.0 = Release|Any CPU
		{3EBD3BFC-D721-4897-BCFB-7EA0BB5AABBA}.Debug|Any CPU.ActiveCfg = Debug|Any CPU
		{3EBD3BFC-D721-4897-BCFB-7EA0BB5AABBA}.Debug|Any CPU.Build.0 = Debug|Any CPU
		{3EBD3BFC-D721-4897-BCFB-7EA0BB5AABBA}.Release|Any CPU.ActiveCfg = Release|Any CPU
		{3EBD3BFC-D721-4897-BCFB-7EA0BB5AABBA}.Release|Any CPU.Build.0 = Release|Any CPU
		{057BC6AF-834C-4C26-A780-F312093CA1A9}.Debug|Any CPU.ActiveCfg = Debug|Any CPU
		{057BC6AF-834C-4C26-A780-F312093CA1A9}.Debug|Any CPU.Build.0 = Debug|Any CPU
		{057BC6AF-834C-4C26-A780-F312093CA1A9}.Release|Any CPU.ActiveCfg = Release|Any CPU
		{057BC6AF-834C-4C26-A780-F312093CA1A9}.Release|Any CPU.Build.0 = Release|Any CPU
		{ED75FE7B-E6F6-4D68-926D-4FA105E386C9}.Debug|Any CPU.ActiveCfg = Debug|Any CPU
		{ED75FE7B-E6F6-4D68-926D-4FA105E386C9}.Debug|Any CPU.Build.0 = Debug|Any CPU
		{ED75FE7B-E6F6-4D68-926D-4FA105E386C9}.Release|Any CPU.ActiveCfg = Release|Any CPU
		{ED75FE7B-E6F6-4D68-926D-4FA105E386C9}.Release|Any CPU.Build.0 = Release|Any CPU
		{3261E012-CB62-4B74-9AC4-B43EE76E3777}.Debug|Any CPU.ActiveCfg = Debug|Any CPU
		{3261E012-CB62-4B74-9AC4-B43EE76E3777}.Debug|Any CPU.Build.0 = Debug|Any CPU
		{3261E012-CB62-4B74-9AC4-B43EE76E3777}.Release|Any CPU.ActiveCfg = Release|Any CPU
		{3261E012-CB62-4B74-9AC4-B43EE76E3777}.Release|Any CPU.Build.0 = Release|Any CPU
	EndGlobalSection
	GlobalSection(SolutionProperties) = preSolution
		HideSolutionNode = FALSE
	EndGlobalSection
	GlobalSection(ExtensibilityGlobals) = postSolution
		SolutionGuid = {417E6CA9-D642-42C6-9AE0-00BAE211ADB4}
	EndGlobalSection
EndGlobal
